<?xml version="1.0" encoding="utf-8"?>
<Project ToolsVersion="4.0" xmlns="http://schemas.microsoft.com/developer/msbuild/2003">
  <ItemGroup>
    <ClInclude Include="TextureLoadHook.h" />
    <ClInclude Include="Debug.h" />
    <ClInclude Include="FileSystem.h" />
    <ClInclude Include="HAnimHook.h" />
    <ClInclude Include="IndexBufferHook.h" />
    <ClInclude Include="MatFXHook.h" />
    <ClInclude Include="MemoryManagement.h" />
    <ClInclude Include="RwEngineInstanceHook.h" />
    <ClInclude Include="RwEngineVideoMode.h" />
    <ClInclude Include="RwFunctionsHook.h" />
    <ClInclude Include="RwFunctionsList.h" />
    <ClInclude Include="SelectDevice.h" />
    <ClInclude Include="FilePath.h" />
  </ItemGroup>
  <ItemGroup>
    <ClCompile Include="DllMain.cpp" />
  </ItemGroup>
</Project>